{
    "_readme": [
        "This file locks the dependencies of your project to a known state",
        "Read more about it at https://getcomposer.org/doc/01-basic-usage.md#installing-dependencies",
        "This file is @generated automatically"
    ],
    "content-hash": "4323b75265c26e57a67a0eb25ec31b04",
    "packages": [
        {
            "name": "websyspro/httprequest",
            "version": "dev-master",
            "source": {
                "type": "git",
                "url": "https://github.com/websyspro/httprequest.git",
                "reference": "84474d9b1bc462d03829bad0977d5367d8f7aab9"
            },
            "dist": {
                "type": "zip",
                "url": "https://api.github.com/repos/websyspro/httprequest/zipball/84474d9b1bc462d03829bad0977d5367d8f7aab9",
                "reference": "84474d9b1bc462d03829bad0977d5367d8f7aab9",
                "shasum": ""
            },
            "default-branch": true,
            "type": "library",
            "autoload": {
                "psr-4": {
                    "Websyspro\\HttpRequest\\": "src/"
                }
            },
            "notification-url": "https://packagist.org/downloads/",
            "license": [
                "MIT"
            ],
            "authors": [
                {
                    "name": "websyspro",
                    "email": "cpd.emersontsa@gmail.com"
                }
            ],
            "description": "Collection of components for frontend and backend",
            "support": {
                "issues": "https://github.com/websyspro/httprequest/issues",
                "source": "https://github.com/websyspro/httprequest/tree/master"
            },
            "time": "2024-08-14T21:11:47+00:00"
        }
    ],
    "packages-dev": [],
    "aliases": [],
    "minimum-stability": "stable",
    "stability-flags": {
        "websyspro/httprequest": 20
    },
    "prefer-stable": false,
    "prefer-lowest": false,
    "platform": [],
    "platform-dev": [],
    "plugin-api-version": "2.6.0"
}
